// !$*UTF8*$!
{
	archiveVersion = 1;
	classes = {
	};
	objectVersion = 46;
	objects = {

/* Begin PBXBuildFile section */
		375632C71D11D0CC000088B3 /* Settings.bundle in Resources */ = {isa = PBXBuildFile; fileRef = 375632C61D11D0CC000088B3 /* Settings.bundle */; };
		3757F9C21D1270FC00374E00 /* LiquidPlatformKit.framework in Frameworks */ = {isa = PBXBuildFile; fileRef = 3757F9C11D1270FC00374E00 /* LiquidPlatformKit.framework */; };
		3757F9C31D12710200374E00 /* LiquidPlatformKit.framework in Embed Frameworks */ = {isa = PBXBuildFile; fileRef = 3757F9C11D1270FC00374E00 /* LiquidPlatformKit.framework */; settings = {ATTRIBUTES = (CodeSignOnCopy, RemoveHeadersOnCopy, ); }; };
		378342021D122822007EE322 /* LiquidPlatformKit.framework in Frameworks */ = {isa = PBXBuildFile; fileRef = 378342001D12281E007EE322 /* LiquidPlatformKit.framework */; };
		37F421821CD9167800928523 /* main.m in Sources */ = {isa = PBXBuildFile; fileRef = 37F421811CD9167800928523 /* main.m */; };
		37F421851CD9167800928523 /* AppDelegate.m in Sources */ = {isa = PBXBuildFile; fileRef = 37F421841CD9167800928523 /* AppDelegate.m */; };
		37F421881CD9167800928523 /* ViewController.m in Sources */ = {isa = PBXBuildFile; fileRef = 37F421871CD9167800928523 /* ViewController.m */; };
		37F4218B1CD9167800928523 /* Main.storyboard in Resources */ = {isa = PBXBuildFile; fileRef = 37F421891CD9167800928523 /* Main.storyboard */; };
		37F4218D1CD9167800928523 /* Assets.xcassets in Resources */ = {isa = PBXBuildFile; fileRef = 37F4218C1CD9167800928523 /* Assets.xcassets */; };
		37F421901CD9167800928523 /* LaunchScreen.storyboard in Resources */ = {isa = PBXBuildFile; fileRef = 37F4218E1CD9167800928523 /* LaunchScreen.storyboard */; };
		37F4219D1CD9206C00928523 /* Foundation.framework in Frameworks */ = {isa = PBXBuildFile; fileRef = 37F4219C1CD9206C00928523 /* Foundation.framework */; };
		37F4219F1CD9207200928523 /* UIKit.framework in Frameworks */ = {isa = PBXBuildFile; fileRef = 37F4219E1CD9207200928523 /* UIKit.framework */; };
		37F421A11CD9207700928523 /* CoreGraphics.framework in Frameworks */ = {isa = PBXBuildFile; fileRef = 37F421A01CD9207700928523 /* CoreGraphics.framework */; };
		37F421A31CD9207D00928523 /* QuartzCore.framework in Frameworks */ = {isa = PBXBuildFile; fileRef = 37F421A21CD9207D00928523 /* QuartzCore.framework */; };
		37F421A51CD9208300928523 /* AssetsLibrary.framework in Frameworks */ = {isa = PBXBuildFile; fileRef = 37F421A41CD9208300928523 /* AssetsLibrary.framework */; };
		37F421A71CD9209D00928523 /* MobileCoreServices.framework in Frameworks */ = {isa = PBXBuildFile; fileRef = 37F421A61CD9209D00928523 /* MobileCoreServices.framework */; };
		37F421A91CD920A800928523 /* AudioToolbox.framework in Frameworks */ = {isa = PBXBuildFile; fileRef = 37F421A81CD920A800928523 /* AudioToolbox.framework */; };
		37F421AB1CD920AF00928523 /* EventKit.framework in Frameworks */ = {isa = PBXBuildFile; fileRef = 37F421AA1CD920AF00928523 /* EventKit.framework */; };
		EFDD208D5062C69AE7CDBDDF /* Pods_HelloWorldPlatform.framework in Frameworks */ = {isa = PBXBuildFile; fileRef = 6B07D089EDE97911F0545CAA /* Pods_HelloWorldPlatform.framework */; };
/* End PBXBuildFile section */

/* Begin PBXCopyFilesBuildPhase section */
		374700AA1CDA5DD50082EE7A /* Embed Frameworks */ = {
			isa = PBXCopyFilesBuildPhase;
			buildActionMask = 2147483647;
			dstPath = "";
			dstSubfolderSpec = 10;
			files = (
				3757F9C31D12710200374E00 /* LiquidPlatformKit.framework in Embed Frameworks */,
			);
			name = "Embed Frameworks";
			runOnlyForDeploymentPostprocessing = 0;
		};
/* End PBXCopyFilesBuildPhase section */

/* Begin PBXFileReference section */
		354E086B6FCEB9C4D8FE4E2B /* Pods-HelloWorldPlatform.release.xcconfig */ = {isa = PBXFileReference; includeInIndex = 1; lastKnownFileType = text.xcconfig; name = "Pods-HelloWorldPlatform.release.xcconfig"; path = "Pods/Target Support Files/Pods-HelloWorldPlatform/Pods-HelloWorldPlatform.release.xcconfig"; sourceTree = "<group>"; };
		375632C61D11D0CC000088B3 /* Settings.bundle */ = {isa = PBXFileReference; lastKnownFileType = "wrapper.plug-in"; path = Settings.bundle; sourceTree = "<group>"; };
		3757F9C11D1270FC00374E00 /* LiquidPlatformKit.framework */ = {isa = PBXFileReference; lastKnownFileType = wrapper.framework; path = LiquidPlatformKit.framework; sourceTree = "<group>"; };
		378342001D12281E007EE322 /* LiquidPlatformKit.framework */ = {isa = PBXFileReference; lastKnownFileType = wrapper.framework; name = LiquidPlatformKit.framework; path = "/Users/carsonli/LiquidDev/ld-api-examples/ios/HelloWorldPlatform/LiquidPlatformKit.framework"; sourceTree = "<absolute>"; };
		37F4217D1CD9167800928523 /* HelloWorldPlatform.app */ = {isa = PBXFileReference; explicitFileType = wrapper.application; includeInIndex = 0; path = HelloWorldPlatform.app; sourceTree = BUILT_PRODUCTS_DIR; };
		37F421811CD9167800928523 /* main.m */ = {isa = PBXFileReference; lastKnownFileType = sourcecode.c.objc; path = main.m; sourceTree = "<group>"; };
		37F421831CD9167800928523 /* AppDelegate.h */ = {isa = PBXFileReference; lastKnownFileType = sourcecode.c.h; path = AppDelegate.h; sourceTree = "<group>"; };
		37F421841CD9167800928523 /* AppDelegate.m */ = {isa = PBXFileReference; lastKnownFileType = sourcecode.c.objc; path = AppDelegate.m; sourceTree = "<group>"; };
		37F421861CD9167800928523 /* ViewController.h */ = {isa = PBXFileReference; lastKnownFileType = sourcecode.c.h; path = ViewController.h; sourceTree = "<group>"; };
		37F421871CD9167800928523 /* ViewController.m */ = {isa = PBXFileReference; lastKnownFileType = sourcecode.c.objc; path = ViewController.m; sourceTree = "<group>"; };
		37F4218A1CD9167800928523 /* Base */ = {isa = PBXFileReference; lastKnownFileType = file.storyboard; name = Base; path = Base.lproj/Main.storyboard; sourceTree = "<group>"; };
		37F4218C1CD9167800928523 /* Assets.xcassets */ = {isa = PBXFileReference; lastKnownFileType = folder.assetcatalog; path = Assets.xcassets; sourceTree = "<group>"; };
		37F4218F1CD9167800928523 /* Base */ = {isa = PBXFileReference; lastKnownFileType = file.storyboard; name = Base; path = Base.lproj/LaunchScreen.storyboard; sourceTree = "<group>"; };
		37F421911CD9167800928523 /* Info.plist */ = {isa = PBXFileReference; lastKnownFileType = text.plist.xml; path = Info.plist; sourceTree = "<group>"; };
		37F4219C1CD9206C00928523 /* Foundation.framework */ = {isa = PBXFileReference; lastKnownFileType = wrapper.framework; name = Foundation.framework; path = System/Library/Frameworks/Foundation.framework; sourceTree = SDKROOT; };
		37F4219E1CD9207200928523 /* UIKit.framework */ = {isa = PBXFileReference; lastKnownFileType = wrapper.framework; name = UIKit.framework; path = System/Library/Frameworks/UIKit.framework; sourceTree = SDKROOT; };
		37F421A01CD9207700928523 /* CoreGraphics.framework */ = {isa = PBXFileReference; lastKnownFileType = wrapper.framework; name = CoreGraphics.framework; path = System/Library/Frameworks/CoreGraphics.framework; sourceTree = SDKROOT; };
		37F421A21CD9207D00928523 /* QuartzCore.framework */ = {isa = PBXFileReference; lastKnownFileType = wrapper.framework; name = QuartzCore.framework; path = System/Library/Frameworks/QuartzCore.framework; sourceTree = SDKROOT; };
		37F421A41CD9208300928523 /* AssetsLibrary.framework */ = {isa = PBXFileReference; lastKnownFileType = wrapper.framework; name = AssetsLibrary.framework; path = System/Library/Frameworks/AssetsLibrary.framework; sourceTree = SDKROOT; };
		37F421A61CD9209D00928523 /* MobileCoreServices.framework */ = {isa = PBXFileReference; lastKnownFileType = wrapper.framework; name = MobileCoreServices.framework; path = System/Library/Frameworks/MobileCoreServices.framework; sourceTree = SDKROOT; };
		37F421A81CD920A800928523 /* AudioToolbox.framework */ = {isa = PBXFileReference; lastKnownFileType = wrapper.framework; name = AudioToolbox.framework; path = System/Library/Frameworks/AudioToolbox.framework; sourceTree = SDKROOT; };
		37F421AA1CD920AF00928523 /* EventKit.framework */ = {isa = PBXFileReference; lastKnownFileType = wrapper.framework; name = EventKit.framework; path = System/Library/Frameworks/EventKit.framework; sourceTree = SDKROOT; };
		6B07D089EDE97911F0545CAA /* Pods_HelloWorldPlatform.framework */ = {isa = PBXFileReference; explicitFileType = wrapper.framework; includeInIndex = 0; path = Pods_HelloWorldPlatform.framework; sourceTree = BUILT_PRODUCTS_DIR; };
		8923587C50DC4923C14A1F18 /* Pods-HelloWorldPlatform.debug.xcconfig */ = {isa = PBXFileReference; includeInIndex = 1; lastKnownFileType = text.xcconfig; name = "Pods-HelloWorldPlatform.debug.xcconfig"; path = "Pods/Target Support Files/Pods-HelloWorldPlatform/Pods-HelloWorldPlatform.debug.xcconfig"; sourceTree = "<group>"; };
		8C57967D93808AD98C45FF6A /* Pods.framework */ = {isa = PBXFileReference; explicitFileType = wrapper.framework; includeInIndex = 0; path = Pods.framework; sourceTree = BUILT_PRODUCTS_DIR; };
/* End PBXFileReference section */

/* Begin PBXFrameworksBuildPhase section */
		37F4217A1CD9167800928523 /* Frameworks */ = {
			isa = PBXFrameworksBuildPhase;
			buildActionMask = 2147483647;
			files = (
				37F421AB1CD920AF00928523 /* EventKit.framework in Frameworks */,
				37F421A91CD920A800928523 /* AudioToolbox.framework in Frameworks */,
				37F421A71CD9209D00928523 /* MobileCoreServices.framework in Frameworks */,
				37F421A51CD9208300928523 /* AssetsLibrary.framework in Frameworks */,
				3757F9C21D1270FC00374E00 /* LiquidPlatformKit.framework in Frameworks */,
				378342021D122822007EE322 /* LiquidPlatformKit.framework in Frameworks */,
				37F421A31CD9207D00928523 /* QuartzCore.framework in Frameworks */,
				37F421A11CD9207700928523 /* CoreGraphics.framework in Frameworks */,
				37F4219F1CD9207200928523 /* UIKit.framework in Frameworks */,
				37F4219D1CD9206C00928523 /* Foundation.framework in Frameworks */,
				EFDD208D5062C69AE7CDBDDF /* Pods_HelloWorldPlatform.framework in Frameworks */,
			);
			runOnlyForDeploymentPostprocessing = 0;
		};
/* End PBXFrameworksBuildPhase section */

/* Begin PBXGroup section */
		0C6E5C108F21CFF47093A58D /* Pods */ = {
			isa = PBXGroup;
			children = (
				8923587C50DC4923C14A1F18 /* Pods-HelloWorldPlatform.debug.xcconfig */,
				354E086B6FCEB9C4D8FE4E2B /* Pods-HelloWorldPlatform.release.xcconfig */,
			);
			name = Pods;
			sourceTree = "<group>";
		};
		37F421741CD9167800928523 = {
			isa = PBXGroup;
			children = (
				3757F9C11D1270FC00374E00 /* LiquidPlatformKit.framework */,
				37F4217F1CD9167800928523 /* HelloWorldPlatform */,
				37F4217E1CD9167800928523 /* Products */,
				A1222AEDECD643E23A65CACB /* Frameworks */,
				0C6E5C108F21CFF47093A58D /* Pods */,
			);
			sourceTree = "<group>";
		};
		37F4217E1CD9167800928523 /* Products */ = {
			isa = PBXGroup;
			children = (
				37F4217D1CD9167800928523 /* HelloWorldPlatform.app */,
			);
			name = Products;
			sourceTree = "<group>";
		};
		37F4217F1CD9167800928523 /* HelloWorldPlatform */ = {
			isa = PBXGroup;
			children = (
				37F421831CD9167800928523 /* AppDelegate.h */,
				37F421841CD9167800928523 /* AppDelegate.m */,
				37F421861CD9167800928523 /* ViewController.h */,
				37F421871CD9167800928523 /* ViewController.m */,
				37F421891CD9167800928523 /* Main.storyboard */,
				37F4218C1CD9167800928523 /* Assets.xcassets */,
				37F4218E1CD9167800928523 /* LaunchScreen.storyboard */,
				37F421911CD9167800928523 /* Info.plist */,
				37F421801CD9167800928523 /* Supporting Files */,
				375632C61D11D0CC000088B3 /* Settings.bundle */,
			);
			path = HelloWorldPlatform;
			sourceTree = "<group>";
		};
		37F421801CD9167800928523 /* Supporting Files */ = {
			isa = PBXGroup;
			children = (
				37F421811CD9167800928523 /* main.m */,
			);
			name = "Supporting Files";
			sourceTree = "<group>";
		};
		A1222AEDECD643E23A65CACB /* Frameworks */ = {
			isa = PBXGroup;
			children = (
				37F421AA1CD920AF00928523 /* EventKit.framework */,
				37F421A81CD920A800928523 /* AudioToolbox.framework */,
				37F421A61CD9209D00928523 /* MobileCoreServices.framework */,
				37F421A41CD9208300928523 /* AssetsLibrary.framework */,
				37F421A21CD9207D00928523 /* QuartzCore.framework */,
				37F421A01CD9207700928523 /* CoreGraphics.framework */,
				37F4219E1CD9207200928523 /* UIKit.framework */,
				37F4219C1CD9206C00928523 /* Foundation.framework */,
				8C57967D93808AD98C45FF6A /* Pods.framework */,
				6B07D089EDE97911F0545CAA /* Pods_HelloWorldPlatform.framework */,
			);
			name = Frameworks;
			sourceTree = "<group>";
		};
/* End PBXGroup section */

/* Begin PBXNativeTarget section */
		37F4217C1CD9167800928523 /* HelloWorldPlatform */ = {
			isa = PBXNativeTarget;
			buildConfigurationList = 37F421941CD9167800928523 /* Build configuration list for PBXNativeTarget "HelloWorldPlatform" */;
			buildPhases = (
				E6754B686C9A6A6F872F3398 /* [CP] Check Pods Manifest.lock */,
				37F421791CD9167800928523 /* Sources */,
				37F4217A1CD9167800928523 /* Frameworks */,
				37F4217B1CD9167800928523 /* Resources */,
				374700AA1CDA5DD50082EE7A /* Embed Frameworks */,
				8A9978A573116848C722C8F4 /* [CP] Embed Pods Frameworks */,
				54F3CD091F6FDCF3A05DE977 /* [CP] Copy Pods Resources */,
				B18AAE639F183B22BF288203 /* Embed Pods Frameworks */,
			);
			buildRules = (
			);
			dependencies = (
			);
			name = HelloWorldPlatform;
			productName = HelloWorldPlatform;
			productReference = 37F4217D1CD9167800928523 /* HelloWorldPlatform.app */;
			productType = "com.apple.product-type.application";
		};
/* End PBXNativeTarget section */

/* Begin PBXProject section */
		37F421751CD9167800928523 /* Project object */ = {
			isa = PBXProject;
			attributes = {
				LastUpgradeCheck = 0730;
				ORGANIZATIONNAME = "Liquid Analytics";
				TargetAttributes = {
					37F4217C1CD9167800928523 = {
						CreatedOnToolsVersion = 7.3;
						DevelopmentTeam = A325R6EP53;
					};
				};
			};
			buildConfigurationList = 37F421781CD9167800928523 /* Build configuration list for PBXProject "HelloWorldPlatform" */;
			compatibilityVersion = "Xcode 3.2";
			developmentRegion = English;
			hasScannedForEncodings = 0;
			knownRegions = (
				en,
				Base,
			);
			mainGroup = 37F421741CD9167800928523;
			productRefGroup = 37F4217E1CD9167800928523 /* Products */;
			projectDirPath = "";
			projectRoot = "";
			targets = (
				37F4217C1CD9167800928523 /* HelloWorldPlatform */,
			);
		};
/* End PBXProject section */

/* Begin PBXResourcesBuildPhase section */
		37F4217B1CD9167800928523 /* Resources */ = {
			isa = PBXResourcesBuildPhase;
			buildActionMask = 2147483647;
			files = (
				375632C71D11D0CC000088B3 /* Settings.bundle in Resources */,
				37F421901CD9167800928523 /* LaunchScreen.storyboard in Resources */,
				37F4218D1CD9167800928523 /* Assets.xcassets in Resources */,
				37F4218B1CD9167800928523 /* Main.storyboard in Resources */,
			);
			runOnlyForDeploymentPostprocessing = 0;
		};
/* End PBXResourcesBuildPhase section */

/* Begin PBXShellScriptBuildPhase section */
		54F3CD091F6FDCF3A05DE977 /* [CP] Copy Pods Resources */ = {
			isa = PBXShellScriptBuildPhase;
			buildActionMask = 2147483647;
			files = (
			);
			inputPaths = (
			);
			name = "[CP] Copy Pods Resources";
			outputPaths = (
			);
			runOnlyForDeploymentPostprocessing = 0;
			shellPath = /bin/sh;
			shellScript = "\"${SRCROOT}/Pods/Target Support Files/Pods-HelloWorldPlatform/Pods-HelloWorldPlatform-resources.sh\"\n";
			showEnvVarsInLog = 0;
		};
		8A9978A573116848C722C8F4 /* [CP] Embed Pods Frameworks */ = {
			isa = PBXShellScriptBuildPhase;
			buildActionMask = 2147483647;
			files = (
			);
			inputPaths = (
			);
			name = "[CP] Embed Pods Frameworks";
			outputPaths = (
			);
			runOnlyForDeploymentPostprocessing = 0;
			shellPath = /bin/sh;
			shellScript = "\"${SRCROOT}/Pods/Target Support Files/Pods-HelloWorldPlatform/Pods-HelloWorldPlatform-frameworks.sh\"\n";
			showEnvVarsInLog = 0;
		};
		B18AAE639F183B22BF288203 /* Embed Pods Frameworks */ = {
			isa = PBXShellScriptBuildPhase;
			buildActionMask = 2147483647;
			files = (
			);
			inputPaths = (
			);
			name = "Embed Pods Frameworks";
			outputPaths = (
			);
			runOnlyForDeploymentPostprocessing = 0;
			shellPath = /bin/sh;
			shellScript = "\"${SRCROOT}/Pods/Target Support Files/Pods-HelloWorldPlatform/Pods-HelloWorldPlatform-frameworks.sh\"\n";
			showEnvVarsInLog = 0;
		};
		E6754B686C9A6A6F872F3398 /* [CP] Check Pods Manifest.lock */ = {
			isa = PBXShellScriptBuildPhase;
			buildActionMask = 2147483647;
			files = (
			);
			inputPaths = (
			);
			name = "[CP] Check Pods Manifest.lock";
			outputPaths = (
			);
			runOnlyForDeploymentPostprocessing = 0;
			shellPath = /bin/sh;
			shellScript = "diff \"${PODS_ROOT}/../Podfile.lock\" \"${PODS_ROOT}/Manifest.lock\" > /dev/null\nif [[ $? != 0 ]] ; then\n    cat << EOM\nerror: The sandbox is not in sync with the Podfile.lock. Run 'pod install' or update your CocoaPods installation.\nEOM\n    exit 1\nfi\n";
			showEnvVarsInLog = 0;
		};
/* End PBXShellScriptBuildPhase section */

/* Begin PBXSourcesBuildPhase section */
		37F421791CD9167800928523 /* Sources */ = {
			isa = PBXSourcesBuildPhase;
			buildActionMask = 2147483647;
			files = (
				37F421881CD9167800928523 /* ViewController.m in Sources */,
				37F421851CD9167800928523 /* AppDelegate.m in Sources */,
				37F421821CD9167800928523 /* main.m in Sources */,
			);
			runOnlyForDeploymentPostprocessing = 0;
		};
/* End PBXSourcesBuildPhase section */

/* Begin PBXVariantGroup section */
		37F421891CD9167800928523 /* Main.storyboard */ = {
			isa = PBXVariantGroup;
			children = (
				37F4218A1CD9167800928523 /* Base */,
			);
			name = Main.storyboard;
			sourceTree = "<group>";
		};
		37F4218E1CD9167800928523 /* LaunchScreen.storyboard */ = {
			isa = PBXVariantGroup;
			children = (
				37F4218F1CD9167800928523 /* Base */,
			);
			name = LaunchScreen.storyboard;
			sourceTree = "<group>";
		};
/* End PBXVariantGroup section */

/* Begin XCBuildConfiguration section */
		37F421921CD9167800928523 /* Debug */ = {
			isa = XCBuildConfiguration;
			buildSettings = {
				ALWAYS_SEARCH_USER_PATHS = NO;
				CLANG_ANALYZER_NONNULL = YES;
				CLANG_CXX_LANGUAGE_STANDARD = "gnu++0x";
				CLANG_CXX_LIBRARY = "libc++";
				CLANG_ENABLE_MODULES = YES;
				CLANG_ENABLE_OBJC_ARC = YES;
				CLANG_WARN_BOOL_CONVERSION = YES;
				CLANG_WARN_CONSTANT_CONVERSION = YES;
				CLANG_WARN_DIRECT_OBJC_ISA_USAGE = YES_ERROR;
				CLANG_WARN_EMPTY_BODY = YES;
				CLANG_WARN_ENUM_CONVERSION = YES;
				CLANG_WARN_INT_CONVERSION = YES;
				CLANG_WARN_OBJC_ROOT_CLASS = YES_ERROR;
				CLANG_WARN_UNREACHABLE_CODE = YES;
				CLANG_WARN__DUPLICATE_METHOD_MATCH = YES;
				"CODE_SIGN_IDENTITY[sdk=iphoneos*]" = "iPhone Developer";
				COPY_PHASE_STRIP = NO;
				DEBUG_INFORMATION_FORMAT = dwarf;
				ENABLE_STRICT_OBJC_MSGSEND = YES;
				ENABLE_TESTABILITY = YES;
				GCC_C_LANGUAGE_STANDARD = gnu99;
				GCC_DYNAMIC_NO_PIC = NO;
				GCC_NO_COMMON_BLOCKS = YES;
				GCC_OPTIMIZATION_LEVEL = 0;
				GCC_PREPROCESSOR_DEFINITIONS = (
					"DEBUG=1",
					"$(inherited)",
				);
				GCC_WARN_64_TO_32_BIT_CONVERSION = YES;
				GCC_WARN_ABOUT_RETURN_TYPE = YES_ERROR;
				GCC_WARN_UNDECLARED_SELECTOR = YES;
				GCC_WARN_UNINITIALIZED_AUTOS = YES_AGGRESSIVE;
				GCC_WARN_UNUSED_FUNCTION = YES;
				GCC_WARN_UNUSED_VARIABLE = YES;
				IPHONEOS_DEPLOYMENT_TARGET = 9.3;
				MTL_ENABLE_DEBUG_INFO = YES;
				ONLY_ACTIVE_ARCH = YES;
				SDKROOT = iphoneos;
				TARGETED_DEVICE_FAMILY = 2;
			};
			name = Debug;
		};
		37F421931CD9167800928523 /* Release */ = {
			isa = XCBuildConfiguration;
			buildSettings = {
				ALWAYS_SEARCH_USER_PATHS = NO;
				CLANG_ANALYZER_NONNULL = YES;
				CLANG_CXX_LANGUAGE_STANDARD = "gnu++0x";
				CLANG_CXX_LIBRARY = "libc++";
				CLANG_ENABLE_MODULES = YES;
				CLANG_ENABLE_OBJC_ARC = YES;
				CLANG_WARN_BOOL_CONVERSION = YES;
				CLANG_WARN_CONSTANT_CONVERSION = YES;
				CLANG_WARN_DIRECT_OBJC_ISA_USAGE = YES_ERROR;
				CLANG_WARN_EMPTY_BODY = YES;
				CLANG_WARN_ENUM_CONVERSION = YES;
				CLANG_WARN_INT_CONVERSION = YES;
				CLANG_WARN_OBJC_ROOT_CLASS = YES_ERROR;
				CLANG_WARN_UNREACHABLE_CODE = YES;
				CLANG_WARN__DUPLICATE_METHOD_MATCH = YES;
				"CODE_SIGN_IDENTITY[sdk=iphoneos*]" = "iPhone Developer";
				COPY_PHASE_STRIP = NO;
				DEBUG_INFORMATION_FORMAT = "dwarf-with-dsym";
				ENABLE_NS_ASSERTIONS = NO;
				ENABLE_STRICT_OBJC_MSGSEND = YES;
				GCC_C_LANGUAGE_STANDARD = gnu99;
				GCC_NO_COMMON_BLOCKS = YES;
				GCC_WARN_64_TO_32_BIT_CONVERSION = YES;
				GCC_WARN_ABOUT_RETURN_TYPE = YES_ERROR;
				GCC_WARN_UNDECLARED_SELECTOR = YES;
				GCC_WARN_UNINITIALIZED_AUTOS = YES_AGGRESSIVE;
				GCC_WARN_UNUSED_FUNCTION = YES;
				GCC_WARN_UNUSED_VARIABLE = YES;
				IPHONEOS_DEPLOYMENT_TARGET = 9.3;
				MTL_ENABLE_DEBUG_INFO = NO;
				SDKROOT = iphoneos;
				TARGETED_DEVICE_FAMILY = 2;
				VALIDATE_PRODUCT = YES;
			};
			name = Release;
		};
		37F421951CD9167800928523 /* Debug */ = {
			isa = XCBuildConfiguration;
			baseConfigurationReference = 8923587C50DC4923C14A1F18 /* Pods-HelloWorldPlatform.debug.xcconfig */;
			buildSettings = {
				ASSETCATALOG_COMPILER_APPICON_NAME = AppIcon;
				BUNDLE_LOADER = "";
				CLANG_ALLOW_NON_MODULAR_INCLUDES_IN_FRAMEWORK_MODULES = YES;
				CODE_SIGN_IDENTITY = "iPhone Developer";
				"CODE_SIGN_IDENTITY[sdk=iphoneos*]" = "iPhone Developer";
				ENABLE_BITCODE = NO;
				FRAMEWORK_SEARCH_PATHS = (
					"$(inherited)",
					"$(PROJECT_DIR)",
				);
				GCC_SYMBOLS_PRIVATE_EXTERN = NO;
				HEADER_SEARCH_PATHS = "$(inherited)/**";
				INFOPLIST_FILE = HelloWorldPlatform/Info.plist;
				IPHONEOS_DEPLOYMENT_TARGET = 9.0;
				LD_RUNPATH_SEARCH_PATHS = "$(inherited) @executable_path/Frameworks";
				LIBRARY_SEARCH_PATHS = (
					"$(inherited)",
					"$(PROJECT_DIR)",
				);
				PRODUCT_BUNDLE_IDENTIFIER = com.liquidanalytics.HelloWorldPlatform;
				PRODUCT_NAME = "$(TARGET_NAME)";
				PROVISIONING_PROFILE = "";
				TARGETED_DEVICE_FAMILY = 2;
			};
			name = Debug;
		};
		37F421961CD9167800928523 /* Release */ = {
			isa = XCBuildConfiguration;
			baseConfigurationReference = 354E086B6FCEB9C4D8FE4E2B /* Pods-HelloWorldPlatform.release.xcconfig */;
			buildSettings = {
				ASSETCATALOG_COMPILER_APPICON_NAME = AppIcon;
				BUNDLE_LOADER = "";
				CLANG_ALLOW_NON_MODULAR_INCLUDES_IN_FRAMEWORK_MODULES = YES;
				CODE_SIGN_IDENTITY = "iPhone Developer";
				"CODE_SIGN_IDENTITY[sdk=iphoneos*]" = "iPhone Developer";
				ENABLE_BITCODE = NO;
				FRAMEWORK_SEARCH_PATHS = (
					"$(inherited)",
					"$(PROJECT_DIR)",
				);
				GCC_SYMBOLS_PRIVATE_EXTERN = NO;
				HEADER_SEARCH_PATHS = "$(inherited)/**";
				INFOPLIST_FILE = HelloWorldPlatform/Info.plist;
				IPHONEOS_DEPLOYMENT_TARGET = 9.0;
				LD_RUNPATH_SEARCH_PATHS = "$(inherited) @executable_path/Frameworks";
				LIBRARY_SEARCH_PATHS = (
					"$(inherited)",
					"$(PROJECT_DIR)",
				);
				PRODUCT_BUNDLE_IDENTIFIER = com.liquidanalytics.HelloWorldPlatform;
				PRODUCT_NAME = "$(TARGET_NAME)";
				PROVISIONING_PROFILE = "";
				TARGETED_DEVICE_FAMILY = 2;
			};
			name = Release;
		};
/* End XCBuildConfiguration section */

/* Begin XCConfigurationList section */
		37F421781CD9167800928523 /* Build configuration list for PBXProject "HelloWorldPlatform" */ = {
			isa = XCConfigurationList;
			buildConfigurations = (
				37F421921CD9167800928523 /* Debug */,
				37F421931CD9167800928523 /* Release */,
			);
			defaultConfigurationIsVisible = 0;
			defaultConfigurationName = Release;
		};
		37F421941CD9167800928523 /* Build configuration list for PBXNativeTarget "HelloWorldPlatform" */ = {
			isa = XCConfigurationList;
			buildConfigurations = (
				37F421951CD9167800928523 /* Debug */,
				37F421961CD9167800928523 /* Release */,
			);
			defaultConfigurationIsVisible = 0;
			defaultConfigurationName = Release;
		};
/* End XCConfigurationList section */
	};
	rootObject = 37F421751CD9167800928523 /* Project object */;
}
